hash: 0cff4a723566a3e33910785c104bddde49d1e0ba2d51f3833599a423140f5163
updated: 2016-08-12T09:43:45.22287-05:00
imports:
- name: github.com/boltdb/bolt
  version: 831b652a7f8dbefaf94da0eb66abd46c0c4bcf23
- name: github.com/btcsuite/btcd
  version: a7b35d9f9e24f8cebf3dc30cf083668700690095
  subpackages:
  - blockchain
  - btcec
  - btcjson
  - chaincfg
  - chaincfg/chainhash
  - database
  - txscript
  - wire
- name: github.com/btcsuite/btclog
  version: f96df2375f37300305f329b8e5258764b4f19a7f
- name: github.com/btcsuite/btcrpcclient
  version: c39e35318d5dc8d7e5e4171a34a17bc03dce06b4
- name: github.com/btcsuite/btcutil
  version: 22c91fa80a5e90e3feda26cf6d43adc249306188
  subpackages:
  - base58
  - hdkeychain
- name: github.com/btcsuite/fastsha256
  version: 302ad4db268b46f9ebda3078f6f7397f96047735
- name: github.com/btcsuite/go-socks
  version: cfe8b59e565c1a5bd4e2005d77cd9aa8b2e14524
  subpackages:
  - socks
- name: github.com/btcsuite/golangcrypto
  version: 53f62d9b43e87a6c56975cf862af7edf33a8d0df
  subpackages:
  - nacl/secretbox
  - pbkdf2
  - poly1305
  - ripemd160
  - salsa20/salsa
  - scrypt
  - ssh/terminal
- name: github.com/btcsuite/seelog
  version: 313961b101eb55f65ae0f03ddd4e322731763b6c
- name: github.com/btcsuite/websocket
  version: 31079b6807923eb23992c421b114992b95131b55
- name: github.com/golang/protobuf
  version: 888eb0692c857ec880338addf316bd662d5e630e
  subpackages:
  - proto
- name: github.com/jessevdk/go-flags
  version: 1679536dcc895411a9f5848d9a0250be7856448c
- name: golang.org/x/net
  version: fb93926129b8ec0056f2f458b1f519654814edf0
  subpackages:
  - context
  - http2
  - http2/hpack
  - internal/timeseries
  - trace
- name: golang.org/x/sys
  version: f64b50fbea64174967a8882830d621a18ee1548e
  subpackages:
  - unix
- name: google.golang.org/grpc
  version: dd828651e45229541896bc41cd9cf2f89ac7002a
  subpackages:
  - codes
  - credentials
  - grpclog
  - internal
  - metadata
  - naming
  - transport
  - peer
testImports:
- name: github.com/davecgh/go-spew
  version: 5215b55f46b2b919f50a1df0eaa5886afe4e3b3d
  subpackages:
  - spew
